{
  "requires": true,
  "lockfileVersion": 1,
  "dependencies": {
    "@types/graphql": {
      "version": "0.13.1",
      "resolved": "http://nexus.alphapoint.com:8087/repository/npm-group/@types/graphql/-/graphql-0.13.1.tgz",
      "integrity": "sha512-a6vRcP4M6+7Lqev1JeF3hGFmC3FNBIJ5cRnaSN/z1LtGVr/CaY6nqSlQbnFr2j8ucDlUAQU43LCnJrz6uLUyHg==",
      "dev": true
    },
    "@types/node": {
      "version": "9.6.16",
      "resolved": "http://nexus.alphapoint.com:8087/repository/npm-group/@types/node/-/node-9.6.16.tgz",
      "integrity": "sha512-fwUW7S8gaSVNpPa1XUdzI0URY71xqXsc90S9vKr2uFIUpVCKV+8ysnN9vvAFK8np4H03A7QGRkHpQvgah0964Q=="
    },
    "ansi-regex": {
      "version": "3.0.0",
      "resolved": "http://nexus.alphapoint.com:8087/repository/npm-group/ansi-regex/-/ansi-regex-3.0.0.tgz",
      "integrity": "sha1-7QMXwyIGT3lGbAKWa922Bas32Zg="
    },
    "ansi-styles": {
      "version": "3.2.1",
      "resolved": "http://nexus.alphapoint.com:8087/repository/npm-group/ansi-styles/-/ansi-styles-3.2.1.tgz",
      "integrity": "sha512-VT0ZI6kZRdTh8YyJw3SMbYm/u+NqfsAxEpWO0Pf9sq8/e94WxxOpPKx9FR1FlyCtOVDNOQ+8ntlqFxiRc+r5qA==",
      "requires": {
        "color-convert": "1.9.1"
      }
    },
    "apollo-link": {
      "version": "1.2.1",
      "resolved": "http://nexus.alphapoint.com:8087/repository/npm-group/apollo-link/-/apollo-link-1.2.1.tgz",
      "integrity": "sha512-6Ghf+j3cQLCIvjXd2dJrLw+16HZbWbwmB1qlTc41BviB2hv+rK1nJr17Y9dWK0UD4p3i9Hfddx3tthpMKrueHg==",
      "requires": {
        "@types/node": "9.6.16",
        "apollo-utilities": "1.0.12",
        "zen-observable-ts": "0.8.9"
      }
    },
    "apollo-link-error": {
      "version": "1.0.7",
      "resolved": "http://nexus.alphapoint.com:8087/repository/npm-group/apollo-link-error/-/apollo-link-error-1.0.7.tgz",
      "integrity": "sha512-y+5NzYSj1HXbxAGP05rw0EsnCy6LtJvoYW5DtVxI8QLFwpqJv8Z5VNsGdpstjLdXK1oqp7D20DDz4932WXhdmQ==",
      "requires": {
        "apollo-link": "1.2.1"
      }
    },
    "apollo-link-ws": {
      "version": "1.0.7",
      "resolved": "http://nexus.alphapoint.com:8087/repository/npm-group/apollo-link-ws/-/apollo-link-ws-1.0.7.tgz",
      "integrity": "sha512-Ky2/zQuA/UwdORKBVMnYaogB5L9u9HFtCuJNmfeF5F+VBocYLa5v5gaCgo3v1o/6hwXy0HuU/KPRYu3wyUsrtQ==",
      "requires": {
        "apollo-link": "1.2.1"
      }
    },
    "apollo-utilities": {
      "version": "1.0.12",
      "resolved": "http://nexus.alphapoint.com:8087/repository/npm-group/apollo-utilities/-/apollo-utilities-1.0.12.tgz",
      "integrity": "sha512-3mSen+NLouRwhmzCSHbMICfLBa6J+QJOc+M8zzLyo10jAYsOK+A2VgR63q4mcQJmAp8LumC5VAyah1zw6enMcg=="
    },
    "arrify": {
      "version": "1.0.1",
      "resolved": "http://nexus.alphapoint.com:8087/repository/npm-group/arrify/-/arrify-1.0.1.tgz",
      "integrity": "sha1-iYUI2iIm84DfkEcoRWhJwVAaSw0="
    },
    "async-limiter": {
      "version": "1.0.0",
      "resolved": "http://nexus.alphapoint.com:8087/repository/npm-group/async-limiter/-/async-limiter-1.0.0.tgz",
      "integrity": "sha512-jp/uFnooOiO+L211eZOoSyzpOITMXx1rBITauYykG3BRYPu8h0UcxsPNB04RR5vo4Tyz3+ay17tR6JVf9qzYWg=="
    },
    "backo2": {
      "version": "1.0.2",
      "resolved": "http://nexus.alphapoint.com:8087/repository/npm-group/backo2/-/backo2-1.0.2.tgz",
      "integrity": "sha1-MasayLEpNjRj41s+u2n038+6eUc="
    },
    "buffer-equal-constant-time": {
      "version": "1.0.1",
      "resolved": "http://nexus.alphapoint.com:8087/repository/npm-group/buffer-equal-constant-time/-/buffer-equal-constant-time-1.0.1.tgz",
      "integrity": "sha1-+OcRMvf/5uAaXJaXpMbz5I1cyBk="
    },
    "buffer-from": {
      "version": "1.0.0",
      "resolved": "http://nexus.alphapoint.com:8087/repository/npm-group/buffer-from/-/buffer-from-1.0.0.tgz",
      "integrity": "sha512-83apNb8KK0Se60UE1+4Ukbe3HbfELJ6UlI4ldtOGs7So4KD26orJM8hIY9lxdzP+UpItH1Yh/Y8GUvNFWFFRxA=="
    },
    "camelcase": {
      "version": "4.1.0",
      "resolved": "http://nexus.alphapoint.com:8087/repository/npm-group/camelcase/-/camelcase-4.1.0.tgz",
      "integrity": "sha1-1UVjW+HjPFQmScaRc+Xeas+uNN0="
    },
    "chalk": {
      "version": "2.4.1",
      "resolved": "http://nexus.alphapoint.com:8087/repository/npm-group/chalk/-/chalk-2.4.1.tgz",
      "integrity": "sha512-ObN6h1v2fTJSmUXoS3nMQ92LbDK9be4TV+6G+omQlGJFdcUX5heKi1LZ1YnRMIgwTLEj3E24bT6tYni50rlCfQ==",
      "requires": {
        "ansi-styles": "3.2.1",
        "escape-string-regexp": "1.0.5",
        "supports-color": "5.4.0"
      }
    },
    "cliui": {
      "version": "4.1.0",
      "resolved": "http://nexus.alphapoint.com:8087/repository/npm-group/cliui/-/cliui-4.1.0.tgz",
      "integrity": "sha512-4FG+RSG9DL7uEwRUZXZn3SS34DiDPfzP0VOiEwtUWlE+AR2EIg+hSyvrIgUUfhdgR/UkAeW2QHgeP+hWrXs7jQ==",
      "requires": {
        "string-width": "2.1.1",
        "strip-ansi": "4.0.0",
        "wrap-ansi": "2.1.0"
      }
    },
    "code-point-at": {
      "version": "1.1.0",
      "resolved": "http://nexus.alphapoint.com:8087/repository/npm-group/code-point-at/-/code-point-at-1.1.0.tgz",
      "integrity": "sha1-DQcLTQQ6W+ozovGkDi7bPZpMz3c="
    },
    "color-convert": {
      "version": "1.9.1",
      "resolved": "http://nexus.alphapoint.com:8087/repository/npm-group/color-convert/-/color-convert-1.9.1.tgz",
      "integrity": "sha512-mjGanIiwQJskCC18rPR6OmrZ6fm2Lc7PeGFYwCmy5J34wC6F1PzdGL6xeMfmgicfYcNLGuVFA3WzXtIDCQSZxQ==",
      "requires": {
        "color-name": "1.1.3"
      }
    },
    "color-name": {
      "version": "1.1.3",
      "resolved": "http://nexus.alphapoint.com:8087/repository/npm-group/color-name/-/color-name-1.1.3.tgz",
      "integrity": "sha1-p9BVi9icQveV3UIyj3QIMcpTvCU="
    },
    "cross-fetch": {
      "version": "2.0.0",
      "resolved": "http://nexus.alphapoint.com:8087/repository/npm-group/cross-fetch/-/cross-fetch-2.0.0.tgz",
      "integrity": "sha512-gnx0GnDyW73iDq6DpqceL8i4GGn55PPKDzNwZkopJ3mKPcfJ0BUIXBsnYfJBVw+jFDB+hzIp2ELNRdqoxN6M3w==",
      "requires": {
        "node-fetch": "2.0.0",
        "whatwg-fetch": "2.0.3"
      }
    },
    "cross-spawn": {
      "version": "5.1.0",
      "resolved": "http://nexus.alphapoint.com:8087/repository/npm-group/cross-spawn/-/cross-spawn-5.1.0.tgz",
      "integrity": "sha1-6L0O/uWPz/b4+UUQoKVUu/ojVEk=",
      "requires": {
        "lru-cache": "4.1.3",
        "shebang-command": "1.2.0",
        "which": "1.3.0"
      }
    },
    "dataloader": {
      "version": "1.4.0",
      "resolved": "http://nexus.alphapoint.com:8087/repository/npm-group/dataloader/-/dataloader-1.4.0.tgz",
      "integrity": "sha512-68s5jYdlvasItOJnCuI2Q9s4q98g0pCyL3HrcKJu8KNugUl8ahgmZYg38ysLTgQjjXX3H8CJLkAvWrclWfcalw=="
    },
    "decamelize": {
      "version": "1.2.0",
      "resolved": "http://nexus.alphapoint.com:8087/repository/npm-group/decamelize/-/decamelize-1.2.0.tgz",
      "integrity": "sha1-9lNNFRSCabIDUue+4m9QH5oZEpA="
    },
    "deprecated-decorator": {
      "version": "0.1.6",
      "resolved": "http://nexus.alphapoint.com:8087/repository/npm-group/deprecated-decorator/-/deprecated-decorator-0.1.6.tgz",
      "integrity": "sha1-AJZjF7ehL+kvPMgx91g68ym4bDc="
    },
    "diff": {
      "version": "3.5.0",
      "resolved": "http://nexus.alphapoint.com:8087/repository/npm-group/diff/-/diff-3.5.0.tgz",
      "integrity": "sha512-A46qtFgd+g7pDZinpnwiRJtxbC1hpgf0uzP3iG89scHk0AUC7A1TGxf5OiiOUv/JMZR8GOt8hL900hV0bOy5xA=="
    },
    "ecdsa-sig-formatter": {
      "version": "1.0.10",
      "resolved": "http://nexus.alphapoint.com:8087/repository/npm-group/ecdsa-sig-formatter/-/ecdsa-sig-formatter-1.0.10.tgz",
      "integrity": "sha1-HFlQAPBKiJffuFAAiSoPTDOvhsM=",
      "requires": {
        "safe-buffer": "5.1.2"
      }
    },
    "escape-string-regexp": {
      "version": "1.0.5",
      "resolved": "http://nexus.alphapoint.com:8087/repository/npm-group/escape-string-regexp/-/escape-string-regexp-1.0.5.tgz",
      "integrity": "sha1-G2HAViGQqN/2rjuyzwIAyhMLhtQ="
    },
    "eventemitter3": {
      "version": "2.0.3",
      "resolved": "http://nexus.alphapoint.com:8087/repository/npm-group/eventemitter3/-/eventemitter3-2.0.3.tgz",
      "integrity": "sha1-teEHm1n7XhuidxwKmTvgYKWMmbo="
    },
    "execa": {
      "version": "0.7.0",
      "resolved": "http://nexus.alphapoint.com:8087/repository/npm-group/execa/-/execa-0.7.0.tgz",
      "integrity": "sha1-lEvs00zEHuMqY6n68nrVpl/Fl3c=",
      "requires": {
        "cross-spawn": "5.1.0",
        "get-stream": "3.0.0",
        "is-stream": "1.1.0",
        "npm-run-path": "2.0.2",
        "p-finally": "1.0.0",
        "signal-exit": "3.0.2",
        "strip-eof": "1.0.0"
      }
    },
    "find-up": {
      "version": "2.1.0",
      "resolved": "http://nexus.alphapoint.com:8087/repository/npm-group/find-up/-/find-up-2.1.0.tgz",
      "integrity": "sha1-RdG35QbHF93UgndaK3eSCjwMV6c=",
      "requires": {
        "locate-path": "2.0.0"
      }
    },
    "get-caller-file": {
      "version": "1.0.2",
      "resolved": "http://nexus.alphapoint.com:8087/repository/npm-group/get-caller-file/-/get-caller-file-1.0.2.tgz",
      "integrity": "sha1-9wLmMSfn4jHBYKgMFVSstw1QR+U="
    },
    "get-stream": {
      "version": "3.0.0",
      "resolved": "http://nexus.alphapoint.com:8087/repository/npm-group/get-stream/-/get-stream-3.0.0.tgz",
      "integrity": "sha1-jpQ9E1jcN1VQVOy+LtsFqhdO3hQ="
    },
    "graphql": {
      "version": "0.13.2",
      "resolved": "http://nexus.alphapoint.com:8087/repository/npm-group/graphql/-/graphql-0.13.2.tgz",
      "integrity": "sha512-QZ5BL8ZO/B20VA8APauGBg3GyEgZ19eduvpLWoq5x7gMmWnHoy8rlQWPLmWgFvo1yNgjSEFMesmS4R6pPr7xog==",
      "requires": {
        "iterall": "1.2.2"
      }
    },
    "graphql-binding": {
      "version": "2.0.0",
      "resolved": "http://nexus.alphapoint.com:8087/repository/npm-group/graphql-binding/-/graphql-binding-2.0.0.tgz",
      "integrity": "sha512-JalW6YtfiZ96GPKYVBUfcDiFvX2+rnmjadrmNFjhWw+wKVfYQKM0AjInDH/XPlf+E5SgRe5jSwwY1CGym2e5Rg==",
      "requires": {
        "graphql-import": "0.5.2",
        "graphql-tools": "3.0.1",
        "iterall": "1.2.2",
        "object-path-immutable": "1.0.2",
        "resolve-cwd": "2.0.0",
        "ts-node": "6.0.3",
        "yargs": "11.0.0"
      },
      "dependencies": {
        "graphql-import": {
          "version": "0.5.2",
          "resolved": "http://nexus.alphapoint.com:8087/repository/npm-group/graphql-import/-/graphql-import-0.5.2.tgz",
          "integrity": "sha512-gvgtbdBUCVfztcjZN0IMf8lvewSgfM84vCRHsqP+hmZViHjpjrIkvmq0wRFkEjLXisxKk0T5Ah+XUp2Rq24Rkw==",
          "requires": {
            "lodash": "4.17.10"
          }
        },
        "graphql-tools": {
          "version": "3.0.1",
          "resolved": "http://nexus.alphapoint.com:8087/repository/npm-group/graphql-tools/-/graphql-tools-3.0.1.tgz",
          "integrity": "sha512-E7OjLQt+T/ASJTIyX7uX6EnUiTh7qpfg5O1E/sMTLnT0IHLNzTVy1oDsQP8gezTFnsAopjEBozhRDRLStG7D1Q==",
          "requires": {
            "apollo-link": "1.2.1",
            "apollo-utilities": "1.0.12",
            "deprecated-decorator": "0.1.6",
            "iterall": "1.2.2",
            "uuid": "3.2.1"
          }
        }
      }
    },
    "graphql-import": {
      "version": "0.4.5",
      "resolved": "http://nexus.alphapoint.com:8087/repository/npm-group/graphql-import/-/graphql-import-0.4.5.tgz",
      "integrity": "sha512-G/+I08Qp6/QGTb9qapknCm3yPHV0ZL7wbaalWFpxsfR8ZhZoTBe//LsbsCKlbALQpcMegchpJhpTSKiJjhaVqQ==",
      "requires": {
        "lodash": "4.17.10"
      }
    },
    "graphql-tools": {
      "version": "2.21.0",
      "resolved": "http://nexus.alphapoint.com:8087/repository/npm-group/graphql-tools/-/graphql-tools-2.21.0.tgz",
      "integrity": "sha512-AmG4WGdpL1OHwnA20ouP7BVB3KnvUOvsc7+4ULWRzEunyRFUYqxrgnEf20iZnYAha8JCb7AP4WPMwWKmGT91rg==",
      "requires": {
        "apollo-link": "1.2.1",
        "apollo-utilities": "1.0.12",
        "deprecated-decorator": "0.1.6",
        "iterall": "1.2.2",
        "uuid": "3.2.1"
      }
    },
    "has-flag": {
      "version": "3.0.0",
      "resolved": "http://nexus.alphapoint.com:8087/repository/npm-group/has-flag/-/has-flag-3.0.0.tgz",
      "integrity": "sha1-tdRU3CGZriJWmfNGfloH87lVuv0="
    },
    "http-link-dataloader": {
      "version": "0.1.3",
      "resolved": "http://nexus.alphapoint.com:8087/repository/npm-group/http-link-dataloader/-/http-link-dataloader-0.1.3.tgz",
      "integrity": "sha512-CU3xoiXYEvqADdnjZqbXbJBhesBSix2EsjysRim5i9KfRYvBOhSFKxvH4mWiV6DW4hFtP3mISoL6SGqeBbbOQg==",
      "requires": {
        "apollo-link": "1.2.1",
        "cross-fetch": "2.0.0",
        "dataloader": "1.4.0"
      }
    },
    "invert-kv": {
      "version": "1.0.0",
      "resolved": "http://nexus.alphapoint.com:8087/repository/npm-group/invert-kv/-/invert-kv-1.0.0.tgz",
      "integrity": "sha1-EEqOSqym09jNFXqO+L+rLXo//bY="
    },
    "is-fullwidth-code-point": {
      "version": "2.0.0",
      "resolved": "http://nexus.alphapoint.com:8087/repository/npm-group/is-fullwidth-code-point/-/is-fullwidth-code-point-2.0.0.tgz",
      "integrity": "sha1-o7MKXE8ZkYMWeqq5O+764937ZU8="
    },
    "is-stream": {
      "version": "1.1.0",
      "resolved": "http://nexus.alphapoint.com:8087/repository/npm-group/is-stream/-/is-stream-1.1.0.tgz",
      "integrity": "sha1-EtSj3U5o4Lec6428hBc66A2RykQ="
    },
    "isexe": {
      "version": "2.0.0",
      "resolved": "http://nexus.alphapoint.com:8087/repository/npm-group/isexe/-/isexe-2.0.0.tgz",
      "integrity": "sha1-6PvzdNxVb/iUehDcsFctYz8s+hA="
    },
    "iterall": {
      "version": "1.2.2",
      "resolved": "http://nexus.alphapoint.com:8087/repository/npm-group/iterall/-/iterall-1.2.2.tgz",
      "integrity": "sha512-yynBb1g+RFUPY64fTrFv7nsjRrENBQJaX2UL+2Szc9REFrSNm1rpSXHGzhmAy7a9uv3vlvgBlXnf9RqmPH1/DA=="
    },
    "jsonwebtoken": {
      "version": "8.2.1",
      "resolved": "http://nexus.alphapoint.com:8087/repository/npm-group/jsonwebtoken/-/jsonwebtoken-8.2.1.tgz",
      "integrity": "sha512-l8rUBr0fqYYwPc8/ZGrue7GiW7vWdZtZqelxo4Sd5lMvuEeCK8/wS54sEo6tJhdZ6hqfutsj6COgC0d1XdbHGw==",
      "requires": {
        "jws": "3.1.5",
        "lodash.includes": "4.3.0",
        "lodash.isboolean": "3.0.3",
        "lodash.isinteger": "4.0.4",
        "lodash.isnumber": "3.0.3",
        "lodash.isplainobject": "4.0.6",
        "lodash.isstring": "4.0.1",
        "lodash.once": "4.1.1",
        "ms": "2.1.1",
        "xtend": "4.0.1"
      }
    },
    "jwa": {
      "version": "1.1.6",
      "resolved": "http://nexus.alphapoint.com:8087/repository/npm-group/jwa/-/jwa-1.1.6.tgz",
      "integrity": "sha512-tBO/cf++BUsJkYql/kBbJroKOgHWEigTKBAjjBEmrMGYd1QMBC74Hr4Wo2zCZw6ZrVhlJPvoMrkcOnlWR/DJfw==",
      "requires": {
        "buffer-equal-constant-time": "1.0.1",
        "ecdsa-sig-formatter": "1.0.10",
        "safe-buffer": "5.1.2"
      }
    },
    "jws": {
      "version": "3.1.5",
      "resolved": "http://nexus.alphapoint.com:8087/repository/npm-group/jws/-/jws-3.1.5.tgz",
      "integrity": "sha512-GsCSexFADNQUr8T5HPJvayTjvPIfoyJPtLQBwn5a4WZQchcrPMPMAWcC1AzJVRDKyD6ZPROPAxgv6rfHViO4uQ==",
      "requires": {
        "jwa": "1.1.6",
        "safe-buffer": "5.1.2"
      }
    },
    "lcid": {
      "version": "1.0.0",
      "resolved": "http://nexus.alphapoint.com:8087/repository/npm-group/lcid/-/lcid-1.0.0.tgz",
      "integrity": "sha1-MIrMr6C8SDo4Z7S28rlQYlHRuDU=",
      "requires": {
        "invert-kv": "1.0.0"
      }
    },
    "locate-path": {
      "version": "2.0.0",
      "resolved": "http://nexus.alphapoint.com:8087/repository/npm-group/locate-path/-/locate-path-2.0.0.tgz",
      "integrity": "sha1-K1aLJl7slExtnA3pw9u7ygNUzY4=",
      "requires": {
        "p-locate": "2.0.0",
        "path-exists": "3.0.0"
      }
    },
    "lodash": {
      "version": "4.17.10",
      "resolved": "http://nexus.alphapoint.com:8087/repository/npm-group/lodash/-/lodash-4.17.10.tgz",
      "integrity": "sha512-UejweD1pDoXu+AD825lWwp4ZGtSwgnpZxb3JDViD7StjQz+Nb/6l093lx4OQ0foGWNRoc19mWy7BzL+UAK2iVg=="
    },
    "lodash.assign": {
      "version": "4.2.0",
      "resolved": "http://nexus.alphapoint.com:8087/repository/npm-group/lodash.assign/-/lodash.assign-4.2.0.tgz",
      "integrity": "sha1-DZnzzNem0mHRm9rrkkUAXShYCOc="
    },
    "lodash.includes": {
      "version": "4.3.0",
      "resolved": "http://nexus.alphapoint.com:8087/repository/npm-group/lodash.includes/-/lodash.includes-4.3.0.tgz",
      "integrity": "sha1-YLuYqHy5I8aMoeUTJUgzFISfVT8="
    },
    "lodash.isboolean": {
      "version": "3.0.3",
      "resolved": "http://nexus.alphapoint.com:8087/repository/npm-group/lodash.isboolean/-/lodash.isboolean-3.0.3.tgz",
      "integrity": "sha1-bC4XHbKiV82WgC/UOwGyDV9YcPY="
    },
    "lodash.isinteger": {
      "version": "4.0.4",
      "resolved": "http://nexus.alphapoint.com:8087/repository/npm-group/lodash.isinteger/-/lodash.isinteger-4.0.4.tgz",
      "integrity": "sha1-YZwK89A/iwTDH1iChAt3sRzWg0M="
    },
    "lodash.isnumber": {
      "version": "3.0.3",
      "resolved": "http://nexus.alphapoint.com:8087/repository/npm-group/lodash.isnumber/-/lodash.isnumber-3.0.3.tgz",
      "integrity": "sha1-POdoEMWSjQM1IwGsKHMX8RwLH/w="
    },
    "lodash.isobject": {
      "version": "3.0.2",
      "resolved": "http://nexus.alphapoint.com:8087/repository/npm-group/lodash.isobject/-/lodash.isobject-3.0.2.tgz",
      "integrity": "sha1-PI+41bW/S/kK4G4U8qUwpO2TXh0="
    },
    "lodash.isplainobject": {
      "version": "4.0.6",
      "resolved": "http://nexus.alphapoint.com:8087/repository/npm-group/lodash.isplainobject/-/lodash.isplainobject-4.0.6.tgz",
      "integrity": "sha1-fFJqUtibRcRcxpC4gWO+BJf1UMs="
    },
    "lodash.isstring": {
      "version": "4.0.1",
      "resolved": "http://nexus.alphapoint.com:8087/repository/npm-group/lodash.isstring/-/lodash.isstring-4.0.1.tgz",
      "integrity": "sha1-1SfftUVuynzJu5XV2ur4i6VKVFE="
    },
    "lodash.once": {
      "version": "4.1.1",
      "resolved": "http://nexus.alphapoint.com:8087/repository/npm-group/lodash.once/-/lodash.once-4.1.1.tgz",
      "integrity": "sha1-DdOXEhPHxW34gJd9UEyI+0cal6w="
    },
    "lru-cache": {
      "version": "4.1.3",
      "resolved": "http://nexus.alphapoint.com:8087/repository/npm-group/lru-cache/-/lru-cache-4.1.3.tgz",
      "integrity": "sha512-fFEhvcgzuIoJVUF8fYr5KR0YqxD238zgObTps31YdADwPPAp82a4M8TrckkWyx7ekNlf9aBcVn81cFwwXngrJA==",
      "requires": {
        "pseudomap": "1.0.2",
        "yallist": "2.1.2"
      }
    },
    "make-error": {
      "version": "1.3.4",
      "resolved": "http://nexus.alphapoint.com:8087/repository/npm-group/make-error/-/make-error-1.3.4.tgz",
      "integrity": "sha512-0Dab5btKVPhibSalc9QGXb559ED7G7iLjFXBaj9Wq8O3vorueR5K5jaE3hkG6ZQINyhA/JgG6Qk4qdFQjsYV6g=="
    },
    "mem": {
      "version": "1.1.0",
      "resolved": "http://nexus.alphapoint.com:8087/repository/npm-group/mem/-/mem-1.1.0.tgz",
      "integrity": "sha1-Xt1StIXKHZAP5kiVUFOZoN+kX3Y=",
      "requires": {
        "mimic-fn": "1.2.0"
      }
    },
    "mimic-fn": {
      "version": "1.2.0",
      "resolved": "http://nexus.alphapoint.com:8087/repository/npm-group/mimic-fn/-/mimic-fn-1.2.0.tgz",
      "integrity": "sha512-jf84uxzwiuiIVKiOLpfYk7N46TSy8ubTonmneY9vrpHNAnp0QBt2BxWV9dO3/j+BoVAb+a5G6YDPW3M5HOdMWQ=="
    },
    "minimist": {
      "version": "1.2.0",
      "resolved": "http://nexus.alphapoint.com:8087/repository/npm-group/minimist/-/minimist-1.2.0.tgz",
      "integrity": "sha1-o1AIsg9BOD7sH7kU9M1d95omQoQ="
    },
    "mkdirp": {
      "version": "0.5.1",
      "resolved": "http://nexus.alphapoint.com:8087/repository/npm-group/mkdirp/-/mkdirp-0.5.1.tgz",
      "integrity": "sha1-MAV0OOrGz3+MR2fzhkjWaX11yQM=",
      "requires": {
        "minimist": "0.0.8"
      },
      "dependencies": {
        "minimist": {
          "version": "0.0.8",
          "resolved": "http://nexus.alphapoint.com:8087/repository/npm-group/minimist/-/minimist-0.0.8.tgz",
          "integrity": "sha1-hX/Kv8M5fSYluCKCYuhqp6ARsF0="
        }
      }
    },
    "ms": {
      "version": "2.1.1",
      "resolved": "http://nexus.alphapoint.com:8087/repository/npm-group/ms/-/ms-2.1.1.tgz",
      "integrity": "sha512-tgp+dl5cGk28utYktBsrFqA7HKgrhgPsg6Z/EfhWI4gl1Hwq8B/GmY/0oXZ6nF8hDVesS/FpnYaD/kOWhYQvyg=="
    },
    "node-fetch": {
      "version": "2.0.0",
      "resolved": "http://nexus.alphapoint.com:8087/repository/npm-group/node-fetch/-/node-fetch-2.0.0.tgz",
      "integrity": "sha1-mCu6Q+zU8pIqKcwYamu7C7c/y6Y="
    },
    "npm-run-path": {
      "version": "2.0.2",
      "resolved": "http://nexus.alphapoint.com:8087/repository/npm-group/npm-run-path/-/npm-run-path-2.0.2.tgz",
      "integrity": "sha1-NakjLfo11wZ7TLLd8jV7GHFTbF8=",
      "requires": {
        "path-key": "2.0.1"
      }
    },
    "number-is-nan": {
      "version": "1.0.1",
      "resolved": "http://nexus.alphapoint.com:8087/repository/npm-group/number-is-nan/-/number-is-nan-1.0.1.tgz",
      "integrity": "sha1-CXtgK1NCKlIsGvuHkDGDNpQaAR0="
    },
    "object-path-immutable": {
      "version": "1.0.2",
      "resolved": "http://nexus.alphapoint.com:8087/repository/npm-group/object-path-immutable/-/object-path-immutable-1.0.2.tgz",
      "integrity": "sha512-47XliJBzj3/EG8IhzzaovC8fUsAq8m1sA6+mcO2bbdnMhunG7eKFV4qqD8apSSqidEN0W0XHWo09STdmW+alxQ=="
    },
    "os-locale": {
      "version": "2.1.0",
      "resolved": "http://nexus.alphapoint.com:8087/repository/npm-group/os-locale/-/os-locale-2.1.0.tgz",
      "integrity": "sha512-3sslG3zJbEYcaC4YVAvDorjGxc7tv6KVATnLPZONiljsUncvihe9BQoVCEs0RZ1kmf4Hk9OBqlZfJZWI4GanKA==",
      "requires": {
        "execa": "0.7.0",
        "lcid": "1.0.0",
        "mem": "1.1.0"
      }
    },
    "p-finally": {
      "version": "1.0.0",
      "resolved": "http://nexus.alphapoint.com:8087/repository/npm-group/p-finally/-/p-finally-1.0.0.tgz",
      "integrity": "sha1-P7z7FbiZpEEjs0ttzBi3JDNqLK4="
    },
    "p-limit": {
      "version": "1.2.0",
      "resolved": "http://nexus.alphapoint.com:8087/repository/npm-group/p-limit/-/p-limit-1.2.0.tgz",
      "integrity": "sha512-Y/OtIaXtUPr4/YpMv1pCL5L5ed0rumAaAeBSj12F+bSlMdys7i8oQF/GUJmfpTS/QoaRrS/k6pma29haJpsMng==",
      "requires": {
        "p-try": "1.0.0"
      }
    },
    "p-locate": {
      "version": "2.0.0",
      "resolved": "http://nexus.alphapoint.com:8087/repository/npm-group/p-locate/-/p-locate-2.0.0.tgz",
      "integrity": "sha1-IKAQOyIqcMj9OcwuWAaA893l7EM=",
      "requires": {
        "p-limit": "1.2.0"
      }
    },
    "p-try": {
      "version": "1.0.0",
      "resolved": "http://nexus.alphapoint.com:8087/repository/npm-group/p-try/-/p-try-1.0.0.tgz",
      "integrity": "sha1-y8ec26+P1CKOE/Yh8rGiN8GyB7M="
    },
    "path-exists": {
      "version": "3.0.0",
      "resolved": "http://nexus.alphapoint.com:8087/repository/npm-group/path-exists/-/path-exists-3.0.0.tgz",
      "integrity": "sha1-zg6+ql94yxiSXqfYENe1mwEP1RU="
    },
    "path-key": {
      "version": "2.0.1",
      "resolved": "http://nexus.alphapoint.com:8087/repository/npm-group/path-key/-/path-key-2.0.1.tgz",
      "integrity": "sha1-QRyttXTFoUDTpLGRDUDYDMn0C0A="
    },
    "prisma-binding": {
      "version": "1.5.19",
      "resolved": "http://nexus.alphapoint.com:8087/repository/npm-group/prisma-binding/-/prisma-binding-1.5.19.tgz",
      "integrity": "sha512-u8/TZ6IQejpmH2N+Hg9obptll5iuE02sw2Alucd4cpM2OEetDvP6uK6PHLXDDwafHfda07fLG3ogkRwkqZjYZw==",
      "requires": {
        "apollo-link": "1.2.1",
        "apollo-link-error": "1.0.7",
        "apollo-link-ws": "1.0.7",
        "cross-fetch": "2.0.0",
        "graphql-binding": "1.2.5",
        "graphql-import": "0.4.5",
        "graphql-tools": "2.21.0",
        "http-link-dataloader": "0.1.3",
        "jsonwebtoken": "8.2.1",
        "subscriptions-transport-ws": "0.9.9"
      },
      "dependencies": {
        "graphql-binding": {
          "version": "1.2.5",
          "resolved": "http://nexus.alphapoint.com:8087/repository/npm-group/graphql-binding/-/graphql-binding-1.2.5.tgz",
          "integrity": "sha512-BjT3L7IoWHx97hY9a2PkWB6UcahZcX4lN6FEyk7Vk87IG2HzaGzrj8Q2hfQ/WyL9ztyvU7Y1uB4zTBIKzLOuUg==",
          "requires": {
            "graphql-tools": "2.21.0",
            "iterall": "1.2.2"
          }
        }
      }
    },
    "pseudomap": {
      "version": "1.0.2",
      "resolved": "http://nexus.alphapoint.com:8087/repository/npm-group/pseudomap/-/pseudomap-1.0.2.tgz",
      "integrity": "sha1-8FKijacOYYkX7wqKw0wa5aaChrM="
    },
    "require-directory": {
      "version": "2.1.1",
      "resolved": "http://nexus.alphapoint.com:8087/repository/npm-group/require-directory/-/require-directory-2.1.1.tgz",
      "integrity": "sha1-jGStX9MNqxyXbiNE/+f3kqam30I="
    },
    "require-main-filename": {
      "version": "1.0.1",
      "resolved": "http://nexus.alphapoint.com:8087/repository/npm-group/require-main-filename/-/require-main-filename-1.0.1.tgz",
      "integrity": "sha1-l/cXtp1IeE9fUmpsWqj/3aBVpNE="
    },
    "resolve-cwd": {
      "version": "2.0.0",
      "resolved": "http://nexus.alphapoint.com:8087/repository/npm-group/resolve-cwd/-/resolve-cwd-2.0.0.tgz",
      "integrity": "sha1-AKn3OHVW4nA46uIyyqNypqWbZlo=",
      "requires": {
        "resolve-from": "3.0.0"
      }
    },
    "resolve-from": {
      "version": "3.0.0",
      "resolved": "http://nexus.alphapoint.com:8087/repository/npm-group/resolve-from/-/resolve-from-3.0.0.tgz",
      "integrity": "sha1-six699nWiBvItuZTM17rywoYh0g="
    },
    "safe-buffer": {
      "version": "5.1.2",
      "resolved": "http://nexus.alphapoint.com:8087/repository/npm-group/safe-buffer/-/safe-buffer-5.1.2.tgz",
      "integrity": "sha512-Gd2UZBJDkXlY7GbJxfsE8/nvKkUEU1G38c1siN6QP6a9PT9MmHB8GnpscSmMJSoF8LOIrt8ud/wPtojys4G6+g=="
    },
    "set-blocking": {
      "version": "2.0.0",
      "resolved": "http://nexus.alphapoint.com:8087/repository/npm-group/set-blocking/-/set-blocking-2.0.0.tgz",
      "integrity": "sha1-BF+XgtARrppoA93TgrJDkrPYkPc="
    },
    "shebang-command": {
      "version": "1.2.0",
      "resolved": "http://nexus.alphapoint.com:8087/repository/npm-group/shebang-command/-/shebang-command-1.2.0.tgz",
      "integrity": "sha1-RKrGW2lbAzmJaMOfNj/uXer98eo=",
      "requires": {
        "shebang-regex": "1.0.0"
      }
    },
    "shebang-regex": {
      "version": "1.0.0",
      "resolved": "http://nexus.alphapoint.com:8087/repository/npm-group/shebang-regex/-/shebang-regex-1.0.0.tgz",
      "integrity": "sha1-2kL0l0DAtC2yypcoVxyxkMmO/qM="
    },
    "signal-exit": {
      "version": "3.0.2",
      "resolved": "http://nexus.alphapoint.com:8087/repository/npm-group/signal-exit/-/signal-exit-3.0.2.tgz",
      "integrity": "sha1-tf3AjxKH6hF4Yo5BXiUTK3NkbG0="
    },
    "source-map": {
      "version": "0.6.1",
      "resolved": "http://nexus.alphapoint.com:8087/repository/npm-group/source-map/-/source-map-0.6.1.tgz",
      "integrity": "sha512-UjgapumWlbMhkBgzT7Ykc5YXUT46F0iKu8SGXq0bcwP5dz/h0Plj6enJqjz1Zbq2l5WaqYnrVbwWOWMyF3F47g=="
    },
    "source-map-support": {
      "version": "0.5.6",
      "resolved": "http://nexus.alphapoint.com:8087/repository/npm-group/source-map-support/-/source-map-support-0.5.6.tgz",
      "integrity": "sha512-N4KXEz7jcKqPf2b2vZF11lQIz9W5ZMuUcIOGj243lduidkf2fjkVKJS9vNxVWn3u/uxX38AcE8U9nnH9FPcq+g==",
      "requires": {
        "buffer-from": "1.0.0",
        "source-map": "0.6.1"
      }
    },
    "string-width": {
      "version": "2.1.1",
      "resolved": "http://nexus.alphapoint.com:8087/repository/npm-group/string-width/-/string-width-2.1.1.tgz",
      "integrity": "sha512-nOqH59deCq9SRHlxq1Aw85Jnt4w6KvLKqWVik6oA9ZklXLNIOlqg4F2yrT1MVaTjAqvVwdfeZ7w7aCvJD7ugkw==",
      "requires": {
        "is-fullwidth-code-point": "2.0.0",
        "strip-ansi": "4.0.0"
      }
    },
    "strip-ansi": {
      "version": "4.0.0",
      "resolved": "http://nexus.alphapoint.com:8087/repository/npm-group/strip-ansi/-/strip-ansi-4.0.0.tgz",
      "integrity": "sha1-qEeQIusaw2iocTibY1JixQXuNo8=",
      "requires": {
        "ansi-regex": "3.0.0"
      }
    },
    "strip-eof": {
      "version": "1.0.0",
      "resolved": "http://nexus.alphapoint.com:8087/repository/npm-group/strip-eof/-/strip-eof-1.0.0.tgz",
      "integrity": "sha1-u0P/VZim6wXYm1n80SnJgzE2Br8="
    },
    "subscriptions-transport-ws": {
      "version": "0.9.9",
      "resolved": "http://nexus.alphapoint.com:8087/repository/npm-group/subscriptions-transport-ws/-/subscriptions-transport-ws-0.9.9.tgz",
      "integrity": "sha512-x41ANayYJWBEPdH+0VS9QRT4tJpGs5WUJjGNnIdRVYDNyAuwm6QPMTnZtg8A8+HVMCWiBVaRmWbTJzMJVHk+jw==",
      "requires": {
        "backo2": "1.0.2",
        "eventemitter3": "2.0.3",
        "iterall": "1.2.2",
        "lodash.assign": "4.2.0",
        "lodash.isobject": "3.0.2",
        "lodash.isstring": "4.0.1",
        "symbol-observable": "1.2.0",
        "ws": "3.3.3"
      }
    },
    "supports-color": {
      "version": "5.4.0",
      "resolved": "http://nexus.alphapoint.com:8087/repository/npm-group/supports-color/-/supports-color-5.4.0.tgz",
      "integrity": "sha512-zjaXglF5nnWpsq470jSv6P9DwPvgLkuapYmfDm3JWOm0vkNTVF2tI4UrN2r6jH1qM/uc/WtxYY1hYoA2dOKj5w==",
      "requires": {
        "has-flag": "3.0.0"
      }
    },
    "symbol-observable": {
      "version": "1.2.0",
      "resolved": "http://nexus.alphapoint.com:8087/repository/npm-group/symbol-observable/-/symbol-observable-1.2.0.tgz",
      "integrity": "sha512-e900nM8RRtGhlV36KGEU9k65K3mPb1WV70OdjfxlG2EAuM1noi/E/BaW/uMhL7bPEssK8QV57vN3esixjUvcXQ=="
    },
    "ts-node": {
      "version": "6.0.3",
      "resolved": "http://nexus.alphapoint.com:8087/repository/npm-group/ts-node/-/ts-node-6.0.3.tgz",
      "integrity": "sha512-ARaOMNFEPKg2ZuC1qJddFvHxHNFVckR0g9xLxMIoMqSSIkDc8iS4/LoV53EdDWWNq2FGwqcEf0bVVGJIWpsznw==",
      "requires": {
        "arrify": "1.0.1",
        "chalk": "2.4.1",
        "diff": "3.5.0",
        "make-error": "1.3.4",
        "minimist": "1.2.0",
        "mkdirp": "0.5.1",
        "source-map-support": "0.5.6",
        "yn": "2.0.0"
      }
    },
    "typescript": {
      "version": "2.8.3",
      "resolved": "http://nexus.alphapoint.com:8087/repository/npm-group/typescript/-/typescript-2.8.3.tgz",
      "integrity": "sha512-K7g15Bb6Ra4lKf7Iq2l/I5/En+hLIHmxWZGq3D4DIRNFxMNV6j2SHSvDOqs2tGd4UvD/fJvrwopzQXjLrT7Itw==",
      "dev": true
    },
    "ultron": {
      "version": "1.1.1",
      "resolved": "http://nexus.alphapoint.com:8087/repository/npm-group/ultron/-/ultron-1.1.1.tgz",
      "integrity": "sha512-UIEXBNeYmKptWH6z8ZnqTeS8fV74zG0/eRU9VGkpzz+LIJNs8W/zM/L+7ctCkRrgbNnnR0xxw4bKOr0cW0N0Og=="
    },
    "uuid": {
      "version": "3.2.1",
      "resolved": "http://nexus.alphapoint.com:8087/repository/npm-group/uuid/-/uuid-3.2.1.tgz",
      "integrity": "sha512-jZnMwlb9Iku/O3smGWvZhauCf6cvvpKi4BKRiliS3cxnI+Gz9j5MEpTz2UFuXiKPJocb7gnsLHwiS05ige5BEA=="
    },
    "whatwg-fetch": {
      "version": "2.0.3",
      "resolved": "http://nexus.alphapoint.com:8087/repository/npm-group/whatwg-fetch/-/whatwg-fetch-2.0.3.tgz",
      "integrity": "sha1-nITsLc9oGH/wC8ZOEnS0QhduHIQ="
    },
    "which": {
      "version": "1.3.0",
      "resolved": "http://nexus.alphapoint.com:8087/repository/npm-group/which/-/which-1.3.0.tgz",
      "integrity": "sha512-xcJpopdamTuY5duC/KnTTNBraPK54YwpenP4lzxU8H91GudWpFv38u0CKjclE1Wi2EH2EDz5LRcHcKbCIzqGyg==",
      "requires": {
        "isexe": "2.0.0"
      }
    },
    "which-module": {
      "version": "2.0.0",
      "resolved": "http://nexus.alphapoint.com:8087/repository/npm-group/which-module/-/which-module-2.0.0.tgz",
      "integrity": "sha1-2e8H3Od7mQK4o6j6SzHD4/fm6Ho="
    },
    "wrap-ansi": {
      "version": "2.1.0",
      "resolved": "http://nexus.alphapoint.com:8087/repository/npm-group/wrap-ansi/-/wrap-ansi-2.1.0.tgz",
      "integrity": "sha1-2Pw9KE3QV5T+hJc8rs3Rz4JP3YU=",
      "requires": {
        "string-width": "1.0.2",
        "strip-ansi": "3.0.1"
      },
      "dependencies": {
        "ansi-regex": {
          "version": "2.1.1",
          "resolved": "http://nexus.alphapoint.com:8087/repository/npm-group/ansi-regex/-/ansi-regex-2.1.1.tgz",
          "integrity": "sha1-w7M6te42DYbg5ijwRorn7yfWVN8="
        },
        "is-fullwidth-code-point": {
          "version": "1.0.0",
          "resolved": "http://nexus.alphapoint.com:8087/repository/npm-group/is-fullwidth-code-point/-/is-fullwidth-code-point-1.0.0.tgz",
          "integrity": "sha1-754xOG8DGn8NZDr4L95QxFfvAMs=",
          "requires": {
            "number-is-nan": "1.0.1"
          }
        },
        "string-width": {
          "version": "1.0.2",
          "resolved": "http://nexus.alphapoint.com:8087/repository/npm-group/string-width/-/string-width-1.0.2.tgz",
          "integrity": "sha1-EYvfW4zcUaKn5w0hHgfisLmxB9M=",
          "requires": {
            "code-point-at": "1.1.0",
            "is-fullwidth-code-point": "1.0.0",
            "strip-ansi": "3.0.1"
          }
        },
        "strip-ansi": {
          "version": "3.0.1",
          "resolved": "http://nexus.alphapoint.com:8087/repository/npm-group/strip-ansi/-/strip-ansi-3.0.1.tgz",
          "integrity": "sha1-ajhfuIU9lS1f8F0Oiq+UJ43GPc8=",
          "requires": {
            "ansi-regex": "2.1.1"
          }
        }
      }
    },
    "ws": {
      "version": "3.3.3",
      "resolved": "http://nexus.alphapoint.com:8087/repository/npm-group/ws/-/ws-3.3.3.tgz",
      "integrity": "sha512-nnWLa/NwZSt4KQJu51MYlCcSQ5g7INpOrOMt4XV8j4dqTXdmlUmSHQ8/oLC069ckre0fRsgfvsKwbTdtKLCDkA==",
      "requires": {
        "async-limiter": "1.0.0",
        "safe-buffer": "5.1.2",
        "ultron": "1.1.1"
      }
    },
    "xtend": {
      "version": "4.0.1",
      "resolved": "http://nexus.alphapoint.com:8087/repository/npm-group/xtend/-/xtend-4.0.1.tgz",
      "integrity": "sha1-pcbVMr5lbiPbgg77lDofBJmNY68="
    },
    "y18n": {
      "version": "3.2.1",
      "resolved": "http://nexus.alphapoint.com:8087/repository/npm-group/y18n/-/y18n-3.2.1.tgz",
      "integrity": "sha1-bRX7qITAhnnA136I53WegR4H+kE="
    },
    "yallist": {
      "version": "2.1.2",
      "resolved": "http://nexus.alphapoint.com:8087/repository/npm-group/yallist/-/yallist-2.1.2.tgz",
      "integrity": "sha1-HBH5IY8HYImkfdUS+TxmmaaoHVI="
    },
    "yargs": {
      "version": "11.0.0",
      "resolved": "http://nexus.alphapoint.com:8087/repository/npm-group/yargs/-/yargs-11.0.0.tgz",
      "integrity": "sha512-Rjp+lMYQOWtgqojx1dEWorjCofi1YN7AoFvYV7b1gx/7dAAeuI4kN5SZiEvr0ZmsZTOpDRcCqrpI10L31tFkBw==",
      "requires": {
        "cliui": "4.1.0",
        "decamelize": "1.2.0",
        "find-up": "2.1.0",
        "get-caller-file": "1.0.2",
        "os-locale": "2.1.0",
        "require-directory": "2.1.1",
        "require-main-filename": "1.0.1",
        "set-blocking": "2.0.0",
        "string-width": "2.1.1",
        "which-module": "2.0.0",
        "y18n": "3.2.1",
        "yargs-parser": "9.0.2"
      }
    },
    "yargs-parser": {
      "version": "9.0.2",
      "resolved": "http://nexus.alphapoint.com:8087/repository/npm-group/yargs-parser/-/yargs-parser-9.0.2.tgz",
      "integrity": "sha1-nM9qQ0YP5O1Aqbto9I1DuKaMwHc=",
      "requires": {
        "camelcase": "4.1.0"
      }
    },
    "yn": {
      "version": "2.0.0",
      "resolved": "http://nexus.alphapoint.com:8087/repository/npm-group/yn/-/yn-2.0.0.tgz",
      "integrity": "sha1-5a2ryKz0CPY4X8dklWhMiOavaJo="
    },
    "zen-observable": {
      "version": "0.8.8",
      "resolved": "http://nexus.alphapoint.com:8087/repository/npm-group/zen-observable/-/zen-observable-0.8.8.tgz",
      "integrity": "sha512-HnhhyNnwTFzS48nihkCZIJGsWGFcYUz+XPDlPK5W84Ifji8SksC6m7sQWOf8zdCGhzQ4tDYuMYGu5B0N1dXTtg=="
    },
    "zen-observable-ts": {
      "version": "0.8.9",
      "resolved": "http://nexus.alphapoint.com:8087/repository/npm-group/zen-observable-ts/-/zen-observable-ts-0.8.9.tgz",
      "integrity": "sha512-KJz2O8FxbAdAU5CSc8qZ1K2WYEJb1HxS6XDRF+hOJ1rOYcg6eTMmS9xYHCXzqZZzKw6BbXWyF4UpwSsBQnHJeA==",
      "requires": {
        "zen-observable": "0.8.8"
      }
    }
  }
}
